
Microsoft Visual Studio Solution File, Format Version 12.00
# Visual Studio Version 17
VisualStudioVersion = 17.3.32929.385
MinimumVisualStudioVersion = 10.0.40219.1
Project("{9A19103F-16F7-4668-BE54-9A1E7A4F7556}") = "Plants.WA", "Plants.WA.csproj", "{CB50A2E0-AE9B-4F37-A457-D5D7CAA3EC16}"
EndProject
Project("{9A19103F-16F7-4668-BE54-9A1E7A4F7556}") = "Plants.Api", "..\PlantsApi\Plants.Api.csproj", "{6D6F041E-7874-4ED5-90C5-E225D100EC3F}"
EndProject
Project("{FAE04EC0-301F-11D3-BF4B-00C04F79EFBC}") = "Plants.Services", "..\Plants.Services\Plants.Services.csproj", "{B0D40EC9-9383-46D3-A9E8-317389B8EAB0}"
EndProject
Project("{FAE04EC0-301F-11D3-BF4B-00C04F79EFBC}") = "Plants.UnitTest", "..\Plants.UnitTest\Plants.UnitTest.csproj", "{3E4E4F44-E312-4F2C-9F78-6033FA6E576D}"
EndProject
Global
	GlobalSection(SolutionConfigurationPlatforms) = preSolution
		Debug|Any CPU = Debug|Any CPU
		Release|Any CPU = Release|Any CPU
	EndGlobalSection
	GlobalSection(ProjectConfigurationPlatforms) = postSolution
		{CB50A2E0-AE9B-4F37-A457-D5D7CAA3EC16}.Debug|Any CPU.ActiveCfg = Debug|Any CPU
		{CB50A2E0-AE9B-4F37-A457-D5D7CAA3EC16}.Debug|Any CPU.Build.0 = Debug|Any CPU
		{CB50A2E0-AE9B-4F37-A457-D5D7CAA3EC16}.Release|Any CPU.ActiveCfg = Release|Any CPU
		{CB50A2E0-AE9B-4F37-A457-D5D7CAA3EC16}.Release|Any CPU.Build.0 = Release|Any CPU
		{6D6F041E-7874-4ED5-90C5-E225D100EC3F}.Debug|Any CPU.ActiveCfg = Debug|Any CPU
		{6D6F041E-7874-4ED5-90C5-E225D100EC3F}.Debug|Any CPU.Build.0 = Debug|Any CPU
		{6D6F041E-7874-4ED5-90C5-E225D100EC3F}.Release|Any CPU.ActiveCfg = Release|Any CPU
		{6D6F041E-7874-4ED5-90C5-E225D100EC3F}.Release|Any CPU.Build.0 = Release|Any CPU
		{B0D40EC9-9383-46D3-A9E8-317389B8EAB0}.Debug|Any CPU.ActiveCfg = Debug|Any CPU
		{B0D40EC9-9383-46D3-A9E8-317389B8EAB0}.Debug|Any CPU.Build.0 = Debug|Any CPU
		{B0D40EC9-9383-46D3-A9E8-317389B8EAB0}.Release|Any CPU.ActiveCfg = Release|Any CPU
		{B0D40EC9-9383-46D3-A9E8-317389B8EAB0}.Release|Any CPU.Build.0 = Release|Any CPU
		{3E4E4F44-E312-4F2C-9F78-6033FA6E576D}.Debug|Any CPU.ActiveCfg = Debug|Any CPU
		{3E4E4F44-E312-4F2C-9F78-6033FA6E576D}.Debug|Any CPU.Build.0 = Debug|Any CPU
		{3E4E4F44-E312-4F2C-9F78-6033FA6E576D}.Release|Any CPU.ActiveCfg = Release|Any CPU
		{3E4E4F44-E312-4F2C-9F78-6033FA6E576D}.Release|Any CPU.Build.0 = Release|Any CPU
	EndGlobalSection
	GlobalSection(SolutionProperties) = preSolution
		HideSolutionNode = FALSE
	EndGlobalSection
	GlobalSection(ExtensibilityGlobals) = postSolution
		SolutionGuid = {66D6142C-1A28-4069-AF12-08A52D54D05D}
	EndGlobalSection
EndGlobal
